// !$*UTF8*$!
{
	archiveVersion = 1;
	classes = {
	};
	objectVersion = 46;
	objects = {

/* Begin PBXBuildFile section */
		C7689AE21A2D5A96001B9600 /* 1.png in Resources */ = {isa = PBXBuildFile; fileRef = C7689ADF1A2D5A96001B9600 /* 1.png */; };
		C7689AE31A2D5A96001B9600 /* 2.png in Resources */ = {isa = PBXBuildFile; fileRef = C7689AE01A2D5A96001B9600 /* 2.png */; };
		C7689AE41A2D5A96001B9600 /* 3.png in Resources */ = {isa = PBXBuildFile; fileRef = C7689AE11A2D5A96001B9600 /* 3.png */; };
		C7689AE71A2D5AC2001B9600 /* StartViewController.m in Sources */ = {isa = PBXBuildFile; fileRef = C7689AE61A2D5AC2001B9600 /* StartViewController.m */; };
		C7689AEA1A2D5B06001B9600 /* AppDelegate.m in Sources */ = {isa = PBXBuildFile; fileRef = C7689AE91A2D5B06001B9600 /* AppDelegate.m */; };
		C7689AED1A2D625C001B9600 /* MainViewController.m in Sources */ = {isa = PBXBuildFile; fileRef = C7689AEC1A2D625C001B9600 /* MainViewController.m */; };
		C7689AF01A2D667B001B9600 /* CashTreasureViewController.m in Sources */ = {isa = PBXBuildFile; fileRef = C7689AEF1A2D667B001B9600 /* CashTreasureViewController.m */; };
		C7689AF41A2D66DC001B9600 /* HighFinanceViewController.m in Sources */ = {isa = PBXBuildFile; fileRef = C7689AF31A2D66DC001B9600 /* HighFinanceViewController.m */; };
		C7689AF71A2D6711001B9600 /* FundViewController.m in Sources */ = {isa = PBXBuildFile; fileRef = C7689AF61A2D6711001B9600 /* FundViewController.m */; };
		C7689AFA1A2D675D001B9600 /* QueryViewController.m in Sources */ = {isa = PBXBuildFile; fileRef = C7689AF91A2D675D001B9600 /* QueryViewController.m */; };
		C78E236C1A2D5869004E6E04 /* main.m in Sources */ = {isa = PBXBuildFile; fileRef = C78E236B1A2D5869004E6E04 /* main.m */; };
		C78E23861A2D5869004E6E04 /* _9fundTests.m in Sources */ = {isa = PBXBuildFile; fileRef = C78E23851A2D5869004E6E04 /* _9fundTests.m */; };
/* End PBXBuildFile section */

/* Begin PBXContainerItemProxy section */
		C78E23801A2D5869004E6E04 /* PBXContainerItemProxy */ = {
			isa = PBXContainerItemProxy;
			containerPortal = C78E235E1A2D5869004E6E04 /* Project object */;
			proxyType = 1;
			remoteGlobalIDString = C78E23651A2D5869004E6E04;
			remoteInfo = 99fund;
		};
/* End PBXContainerItemProxy section */

/* Begin PBXFileReference section */
		C7689ADD1A2D5A50001B9600 /* 99fund.pch */ = {isa = PBXFileReference; fileEncoding = 4; lastKnownFileType = sourcecode.c.h; path = 99fund.pch; sourceTree = "<group>"; };
		C7689ADF1A2D5A96001B9600 /* 1.png */ = {isa = PBXFileReference; lastKnownFileType = image.png; path = 1.png; sourceTree = "<group>"; };
		C7689AE01A2D5A96001B9600 /* 2.png */ = {isa = PBXFileReference; lastKnownFileType = image.png; path = 2.png; sourceTree = "<group>"; };
		C7689AE11A2D5A96001B9600 /* 3.png */ = {isa = PBXFileReference; lastKnownFileType = image.png; path = 3.png; sourceTree = "<group>"; };
		C7689AE51A2D5AC2001B9600 /* StartViewController.h */ = {isa = PBXFileReference; fileEncoding = 4; lastKnownFileType = sourcecode.c.h; path = StartViewController.h; sourceTree = "<group>"; };
		C7689AE61A2D5AC2001B9600 /* StartViewController.m */ = {isa = PBXFileReference; fileEncoding = 4; lastKnownFileType = sourcecode.c.objc; path = StartViewController.m; sourceTree = "<group>"; };
		C7689AE81A2D5B06001B9600 /* AppDelegate.h */ = {isa = PBXFileReference; fileEncoding = 4; lastKnownFileType = sourcecode.c.h; path = AppDelegate.h; sourceTree = "<group>"; };
		C7689AE91A2D5B06001B9600 /* AppDelegate.m */ = {isa = PBXFileReference; fileEncoding = 4; lastKnownFileType = sourcecode.c.objc; path = AppDelegate.m; sourceTree = "<group>"; };
		C7689AEB1A2D625C001B9600 /* MainViewController.h */ = {isa = PBXFileReference; fileEncoding = 4; lastKnownFileType = sourcecode.c.h; path = MainViewController.h; sourceTree = "<group>"; };
		C7689AEC1A2D625C001B9600 /* MainViewController.m */ = {isa = PBXFileReference; fileEncoding = 4; lastKnownFileType = sourcecode.c.objc; path = MainViewController.m; sourceTree = "<group>"; };
		C7689AEE1A2D667B001B9600 /* CashTreasureViewController.h */ = {isa = PBXFileReference; fileEncoding = 4; lastKnownFileType = sourcecode.c.h; path = CashTreasureViewController.h; sourceTree = "<group>"; };
		C7689AEF1A2D667B001B9600 /* CashTreasureViewController.m */ = {isa = PBXFileReference; fileEncoding = 4; lastKnownFileType = sourcecode.c.objc; path = CashTreasureViewController.m; sourceTree = "<group>"; };
		C7689AF21A2D66DC001B9600 /* HighFinanceViewController.h */ = {isa = PBXFileReference; fileEncoding = 4; lastKnownFileType = sourcecode.c.h; path = HighFinanceViewController.h; sourceTree = "<group>"; };
		C7689AF31A2D66DC001B9600 /* HighFinanceViewController.m */ = {isa = PBXFileReference; fileEncoding = 4; lastKnownFileType = sourcecode.c.objc; path = HighFinanceViewController.m; sourceTree = "<group>"; };
		C7689AF51A2D6711001B9600 /* FundViewController.h */ = {isa = PBXFileReference; fileEncoding = 4; lastKnownFileType = sourcecode.c.h; path = FundViewController.h; sourceTree = "<group>"; };
		C7689AF61A2D6711001B9600 /* FundViewController.m */ = {isa = PBXFileReference; fileEncoding = 4; lastKnownFileType = sourcecode.c.objc; path = FundViewController.m; sourceTree = "<group>"; };
		C7689AF81A2D675D001B9600 /* QueryViewController.h */ = {isa = PBXFileReference; fileEncoding = 4; lastKnownFileType = sourcecode.c.h; path = QueryViewController.h; sourceTree = "<group>"; };
		C7689AF91A2D675D001B9600 /* QueryViewController.m */ = {isa = PBXFileReference; fileEncoding = 4; lastKnownFileType = sourcecode.c.objc; path = QueryViewController.m; sourceTree = "<group>"; };
		C78E23661A2D5869004E6E04 /* 99fund.app */ = {isa = PBXFileReference; explicitFileType = wrapper.application; includeInIndex = 0; path = 99fund.app; sourceTree = BUILT_PRODUCTS_DIR; };
		C78E236A1A2D5869004E6E04 /* Info.plist */ = {isa = PBXFileReference; lastKnownFileType = text.plist.xml; path = Info.plist; sourceTree = "<group>"; };
		C78E236B1A2D5869004E6E04 /* main.m */ = {isa = PBXFileReference; lastKnownFileType = sourcecode.c.objc; path = main.m; sourceTree = "<group>"; };
		C78E237F1A2D5869004E6E04 /* 99fundTests.xctest */ = {isa = PBXFileReference; explicitFileType = wrapper.cfbundle; includeInIndex = 0; path = 99fundTests.xctest; sourceTree = BUILT_PRODUCTS_DIR; };
		C78E23841A2D5869004E6E04 /* Info.plist */ = {isa = PBXFileReference; lastKnownFileType = text.plist.xml; path = Info.plist; sourceTree = "<group>"; };
		C78E23851A2D5869004E6E04 /* _9fundTests.m */ = {isa = PBXFileReference; lastKnownFileType = sourcecode.c.objc; path = _9fundTests.m; sourceTree = "<group>"; };
/* End PBXFileReference section */

/* Begin PBXFrameworksBuildPhase section */
		C78E23631A2D5869004E6E04 /* Frameworks */ = {
			isa = PBXFrameworksBuildPhase;
			buildActionMask = 2147483647;
			files = (
			);
			runOnlyForDeploymentPostprocessing = 0;
		};
		C78E237C1A2D5869004E6E04 /* Frameworks */ = {
			isa = PBXFrameworksBuildPhase;
			buildActionMask = 2147483647;
			files = (
			);
			runOnlyForDeploymentPostprocessing = 0;
		};
/* End PBXFrameworksBuildPhase section */

/* Begin PBXGroup section */
		C7689ADE1A2D5A96001B9600 /* images */ = {
			isa = PBXGroup;
			children = (
				C7689ADF1A2D5A96001B9600 /* 1.png */,
				C7689AE01A2D5A96001B9600 /* 2.png */,
				C7689AE11A2D5A96001B9600 /* 3.png */,
			);
			path = images;
			sourceTree = "<group>";
		};
		C7689AF11A2D6685001B9600 /* cashTreasure */ = {
			isa = PBXGroup;
			children = (
				C7689AEE1A2D667B001B9600 /* CashTreasureViewController.h */,
				C7689AEF1A2D667B001B9600 /* CashTreasureViewController.m */,
			);
			name = cashTreasure;
			sourceTree = "<group>";
		};
		C7689AFB1A2D6766001B9600 /* query */ = {
			isa = PBXGroup;
			children = (
				C7689AF81A2D675D001B9600 /* QueryViewController.h */,
				C7689AF91A2D675D001B9600 /* QueryViewController.m */,
			);
			name = query;
			sourceTree = "<group>";
		};
		C7689AFC1A2D67A3001B9600 /* fund */ = {
			isa = PBXGroup;
			children = (
				C7689AF51A2D6711001B9600 /* FundViewController.h */,
				C7689AF61A2D6711001B9600 /* FundViewController.m */,
			);
			name = fund;
			sourceTree = "<group>";
		};
		C7689AFD1A2D67B0001B9600 /* highFinance */ = {
			isa = PBXGroup;
			children = (
				C7689AF21A2D66DC001B9600 /* HighFinanceViewController.h */,
				C7689AF31A2D66DC001B9600 /* HighFinanceViewController.m */,
			);
			name = highFinance;
			sourceTree = "<group>";
		};
		C78E235D1A2D5869004E6E04 = {
			isa = PBXGroup;
			children = (
				C78E23681A2D5869004E6E04 /* 99fund */,
				C78E23821A2D5869004E6E04 /* 99fundTests */,
				C78E23671A2D5869004E6E04 /* Products */,
			);
			sourceTree = "<group>";
		};
		C78E23671A2D5869004E6E04 /* Products */ = {
			isa = PBXGroup;
			children = (
				C78E23661A2D5869004E6E04 /* 99fund.app */,
				C78E237F1A2D5869004E6E04 /* 99fundTests.xctest */,
			);
			name = Products;
			sourceTree = "<group>";
		};
		C78E23681A2D5869004E6E04 /* 99fund */ = {
			isa = PBXGroup;
			children = (
				C7689AF11A2D6685001B9600 /* cashTreasure */,
				C7689AFD1A2D67B0001B9600 /* highFinance */,
				C7689AFC1A2D67A3001B9600 /* fund */,
				C7689AFB1A2D6766001B9600 /* query */,
				C7689AE51A2D5AC2001B9600 /* StartViewController.h */,
				C7689AE61A2D5AC2001B9600 /* StartViewController.m */,
				C7689AEB1A2D625C001B9600 /* MainViewController.h */,
				C7689AEC1A2D625C001B9600 /* MainViewController.m */,
				C78E23691A2D5869004E6E04 /* Supporting Files */,
			);
			path = 99fund;
			sourceTree = "<group>";
		};
		C78E23691A2D5869004E6E04 /* Supporting Files */ = {
			isa = PBXGroup;
			children = (
				C7689ADE1A2D5A96001B9600 /* images */,
				C7689AE81A2D5B06001B9600 /* AppDelegate.h */,
				C7689AE91A2D5B06001B9600 /* AppDelegate.m */,
				C78E236A1A2D5869004E6E04 /* Info.plist */,
				C78E236B1A2D5869004E6E04 /* main.m */,
				C7689ADD1A2D5A50001B9600 /* 99fund.pch */,
			);
			name = "Supporting Files";
			sourceTree = "<group>";
		};
		C78E23821A2D5869004E6E04 /* 99fundTests */ = {
			isa = PBXGroup;
			children = (
				C78E23851A2D5869004E6E04 /* _9fundTests.m */,
				C78E23831A2D5869004E6E04 /* Supporting Files */,
			);
			path = 99fundTests;
			sourceTree = "<group>";
		};
		C78E23831A2D5869004E6E04 /* Supporting Files */ = {
			isa = PBXGroup;
			children = (
				C78E23841A2D5869004E6E04 /* Info.plist */,
			);
			name = "Supporting Files";
			sourceTree = "<group>";
		};
/* End PBXGroup section */

/* Begin PBXNativeTarget section */
		C78E23651A2D5869004E6E04 /* 99fund */ = {
			isa = PBXNativeTarget;
			buildConfigurationList = C78E23891A2D5869004E6E04 /* Build configuration list for PBXNativeTarget "99fund" */;
			buildPhases = (
				C78E23621A2D5869004E6E04 /* Sources */,
				C78E23631A2D5869004E6E04 /* Frameworks */,
				C78E23641A2D5869004E6E04 /* Resources */,
			);
			buildRules = (
			);
			dependencies = (
			);
			name = 99fund;
			productName = 99fund;
			productReference = C78E23661A2D5869004E6E04 /* 99fund.app */;
			productType = "com.apple.product-type.application";
		};
		C78E237E1A2D5869004E6E04 /* 99fundTests */ = {
			isa = PBXNativeTarget;
			buildConfigurationList = C78E238C1A2D5869004E6E04 /* Build configuration list for PBXNativeTarget "99fundTests" */;
			buildPhases = (
				C78E237B1A2D5869004E6E04 /* Sources */,
				C78E237C1A2D5869004E6E04 /* Frameworks */,
				C78E237D1A2D5869004E6E04 /* Resources */,
			);
			buildRules = (
			);
			dependencies = (
				C78E23811A2D5869004E6E04 /* PBXTargetDependency */,
			);
			name = 99fundTests;
			productName = 99fundTests;
			productReference = C78E237F1A2D5869004E6E04 /* 99fundTests.xctest */;
			productType = "com.apple.product-type.bundle.unit-test";
		};
/* End PBXNativeTarget section */

/* Begin PBXProject section */
		C78E235E1A2D5869004E6E04 /* Project object */ = {
			isa = PBXProject;
			attributes = {
				LastUpgradeCheck = 0600;
				ORGANIZATIONNAME = "Liming Tian";
				TargetAttributes = {
					C78E23651A2D5869004E6E04 = {
						CreatedOnToolsVersion = 6.0;
					};
					C78E237E1A2D5869004E6E04 = {
						CreatedOnToolsVersion = 6.0;
						TestTargetID = C78E23651A2D5869004E6E04;
					};
				};
			};
			buildConfigurationList = C78E23611A2D5869004E6E04 /* Build configuration list for PBXProject "99fund" */;
			compatibilityVersion = "Xcode 3.2";
			developmentRegion = English;
			hasScannedForEncodings = 0;
			knownRegions = (
				en,
				Base,
			);
			mainGroup = C78E235D1A2D5869004E6E04;
			productRefGroup = C78E23671A2D5869004E6E04 /* Products */;
			projectDirPath = "";
			projectRoot = "";
			targets = (
				C78E23651A2D5869004E6E04 /* 99fund */,
				C78E237E1A2D5869004E6E04 /* 99fundTests */,
			);
		};
/* End PBXProject section */

/* Begin PBXResourcesBuildPhase section */
		C78E23641A2D5869004E6E04 /* Resources */ = {
			isa = PBXResourcesBuildPhase;
			buildActionMask = 2147483647;
			files = (
				C7689AE41A2D5A96001B9600 /* 3.png in Resources */,
				C7689AE31A2D5A96001B9600 /* 2.png in Resources */,
				C7689AE21A2D5A96001B9600 /* 1.png in Resources */,
			);
			runOnlyForDeploymentPostprocessing = 0;
		};
		C78E237D1A2D5869004E6E04 /* Resources */ = {
			isa = PBXResourcesBuildPhase;
			buildActionMask = 2147483647;
			files = (
			);
			runOnlyForDeploymentPostprocessing = 0;
		};
/* End PBXResourcesBuildPhase section */

/* Begin PBXSourcesBuildPhase section */
		C78E23621A2D5869004E6E04 /* Sources */ = {
			isa = PBXSourcesBuildPhase;
			buildActionMask = 2147483647;
			files = (
				C7689AE71A2D5AC2001B9600 /* StartViewController.m in Sources */,
				C78E236C1A2D5869004E6E04 /* main.m in Sources */,
				C7689AFA1A2D675D001B9600 /* QueryViewController.m in Sources */,
				C7689AF71A2D6711001B9600 /* FundViewController.m in Sources */,
				C7689AF01A2D667B001B9600 /* CashTreasureViewController.m in Sources */,
				C7689AF41A2D66DC001B9600 /* HighFinanceViewController.m in Sources */,
				C7689AEA1A2D5B06001B9600 /* AppDelegate.m in Sources */,
				C7689AED1A2D625C001B9600 /* MainViewController.m in Sources */,
			);
			runOnlyForDeploymentPostprocessing = 0;
		};
		C78E237B1A2D5869004E6E04 /* Sources */ = {
			isa = PBXSourcesBuildPhase;
			buildActionMask = 2147483647;
			files = (
				C78E23861A2D5869004E6E04 /* _9fundTests.m in Sources */,
			);
			runOnlyForDeploymentPostprocessing = 0;
		};
/* End PBXSourcesBuildPhase section */

/* Begin PBXTargetDependency section */
		C78E23811A2D5869004E6E04 /* PBXTargetDependency */ = {
			isa = PBXTargetDependency;
			target = C78E23651A2D5869004E6E04 /* 99fund */;
			targetProxy = C78E23801A2D5869004E6E04 /* PBXContainerItemProxy */;
		};
/* End PBXTargetDependency section */

/* Begin XCBuildConfiguration section */
		C78E23871A2D5869004E6E04 /* Debug */ = {
			isa = XCBuildConfiguration;
			buildSettings = {
				ALWAYS_SEARCH_USER_PATHS = NO;
				CLANG_CXX_LANGUAGE_STANDARD = "gnu++0x";
				CLANG_CXX_LIBRARY = "libc++";
				CLANG_ENABLE_MODULES = YES;
				CLANG_ENABLE_OBJC_ARC = YES;
				CLANG_WARN_BOOL_CONVERSION = YES;
				CLANG_WARN_CONSTANT_CONVERSION = YES;
				CLANG_WARN_DIRECT_OBJC_ISA_USAGE = YES_ERROR;
				CLANG_WARN_EMPTY_BODY = YES;
				CLANG_WARN_ENUM_CONVERSION = YES;
				CLANG_WARN_INT_CONVERSION = YES;
				CLANG_WARN_OBJC_ROOT_CLASS = YES_ERROR;
				CLANG_WARN_UNREACHABLE_CODE = YES;
				CLANG_WARN__DUPLICATE_METHOD_MATCH = YES;
				"CODE_SIGN_IDENTITY[sdk=iphoneos*]" = "iPhone Developer";
				COPY_PHASE_STRIP = NO;
				ENABLE_STRICT_OBJC_MSGSEND = YES;
				GCC_C_LANGUAGE_STANDARD = gnu99;
				GCC_DYNAMIC_NO_PIC = NO;
				GCC_OPTIMIZATION_LEVEL = 0;
				GCC_PREPROCESSOR_DEFINITIONS = (
					"DEBUG=1",
					"$(inherited)",
				);
				GCC_SYMBOLS_PRIVATE_EXTERN = NO;
				GCC_WARN_64_TO_32_BIT_CONVERSION = YES;
				GCC_WARN_ABOUT_RETURN_TYPE = YES_ERROR;
				GCC_WARN_UNDECLARED_SELECTOR = YES;
				GCC_WARN_UNINITIALIZED_AUTOS = YES_AGGRESSIVE;
				GCC_WARN_UNUSED_FUNCTION = YES;
				GCC_WARN_UNUSED_VARIABLE = YES;
				IPHONEOS_DEPLOYMENT_TARGET = 8.0;
				MTL_ENABLE_DEBUG_INFO = YES;
				ONLY_ACTIVE_ARCH = YES;
				SDKROOT = iphoneos;
			};
			name = Debug;
		};
		C78E23881A2D5869004E6E04 /* Release */ = {
			isa = XCBuildConfiguration;
			buildSettings = {
				ALWAYS_SEARCH_USER_PATHS = NO;
				CLANG_CXX_LANGUAGE_STANDARD = "gnu++0x";
				CLANG_CXX_LIBRARY = "libc++";
				CLANG_ENABLE_MODULES = YES;
				CLANG_ENABLE_OBJC_ARC = YES;
				CLANG_WARN_BOOL_CONVERSION = YES;
				CLANG_WARN_CONSTANT_CONVERSION = YES;
				CLANG_WARN_DIRECT_OBJC_ISA_USAGE = YES_ERROR;
				CLANG_WARN_EMPTY_BODY = YES;
				CLANG_WARN_ENUM_CONVERSION = YES;
				CLANG_WARN_INT_CONVERSION = YES;
				CLANG_WARN_OBJC_ROOT_CLASS = YES_ERROR;
				CLANG_WARN_UNREACHABLE_CODE = YES;
				CLANG_WARN__DUPLICATE_METHOD_MATCH = YES;
				"CODE_SIGN_IDENTITY[sdk=iphoneos*]" = "iPhone Developer";
				COPY_PHASE_STRIP = YES;
				ENABLE_NS_ASSERTIONS = NO;
				ENABLE_STRICT_OBJC_MSGSEND = YES;
				GCC_C_LANGUAGE_STANDARD = gnu99;
				GCC_WARN_64_TO_32_BIT_CONVERSION = YES;
				GCC_WARN_ABOUT_RETURN_TYPE = YES_ERROR;
				GCC_WARN_UNDECLARED_SELECTOR = YES;
				GCC_WARN_UNINITIALIZED_AUTOS = YES_AGGRESSIVE;
				GCC_WARN_UNUSED_FUNCTION = YES;
				GCC_WARN_UNUSED_VARIABLE = YES;
				IPHONEOS_DEPLOYMENT_TARGET = 8.0;
				MTL_ENABLE_DEBUG_INFO = NO;
				SDKROOT = iphoneos;
				VALIDATE_PRODUCT = YES;
			};
			name = Release;
		};
		C78E238A1A2D5869004E6E04 /* Debug */ = {
			isa = XCBuildConfiguration;
			buildSettings = {
				ASSETCATALOG_COMPILER_APPICON_NAME = AppIcon;
				GCC_PREFIX_HEADER = 99fund/99fund.pch;
				INFOPLIST_FILE = 99fund/Info.plist;
				IPHONEOS_DEPLOYMENT_TARGET = 7.1;
				LD_RUNPATH_SEARCH_PATHS = "$(inherited) @executable_path/Frameworks";
				PRODUCT_NAME = "$(TARGET_NAME)";
			};
			name = Debug;
		};
		C78E238B1A2D5869004E6E04 /* Release */ = {
			isa = XCBuildConfiguration;
			buildSettings = {
				ASSETCATALOG_COMPILER_APPICON_NAME = AppIcon;
				GCC_PREFIX_HEADER = 99fund/99fund.pch;
				INFOPLIST_FILE = 99fund/Info.plist;
				IPHONEOS_DEPLOYMENT_TARGET = 7.1;
				LD_RUNPATH_SEARCH_PATHS = "$(inherited) @executable_path/Frameworks";
				PRODUCT_NAME = "$(TARGET_NAME)";
			};
			name = Release;
		};
		C78E238D1A2D5869004E6E04 /* Debug */ = {
			isa = XCBuildConfiguration;
			buildSettings = {
				BUNDLE_LOADER = "$(TEST_HOST)";
				FRAMEWORK_SEARCH_PATHS = (
					"$(SDKROOT)/Developer/Library/Frameworks",
					"$(inherited)",
				);
				GCC_PREPROCESSOR_DEFINITIONS = (
					"DEBUG=1",
					"$(inherited)",
				);
				INFOPLIST_FILE = 99fundTests/Info.plist;
				LD_RUNPATH_SEARCH_PATHS = "$(inherited) @executable_path/Frameworks @loader_path/Frameworks";
				PRODUCT_NAME = "$(TARGET_NAME)";
				TEST_HOST = "$(BUILT_PRODUCTS_DIR)/99fund.app/99fund";
			};
			name = Debug;
		};
		C78E238E1A2D5869004E6E04 /* Release */ = {
			isa = XCBuildConfiguration;
			buildSettings = {
				BUNDLE_LOADER = "$(TEST_HOST)";
				FRAMEWORK_SEARCH_PATHS = (
					"$(SDKROOT)/Developer/Library/Frameworks",
					"$(inherited)",
				);
				INFOPLIST_FILE = 99fundTests/Info.plist;
				LD_RUNPATH_SEARCH_PATHS = "$(inherited) @executable_path/Frameworks @loader_path/Frameworks";
				PRODUCT_NAME = "$(TARGET_NAME)";
				TEST_HOST = "$(BUILT_PRODUCTS_DIR)/99fund.app/99fund";
			};
			name = Release;
		};
/* End XCBuildConfiguration section */

/* Begin XCConfigurationList section */
		C78E23611A2D5869004E6E04 /* Build configuration list for PBXProject "99fund" */ = {
			isa = XCConfigurationList;
			buildConfigurations = (
				C78E23871A2D5869004E6E04 /* Debug */,
				C78E23881A2D5869004E6E04 /* Release */,
			);
			defaultConfigurationIsVisible = 0;
			defaultConfigurationName = Release;
		};
		C78E23891A2D5869004E6E04 /* Build configuration list for PBXNativeTarget "99fund" */ = {
			isa = XCConfigurationList;
			buildConfigurations = (
				C78E238A1A2D5869004E6E04 /* Debug */,
				C78E238B1A2D5869004E6E04 /* Release */,
			);
			defaultConfigurationIsVisible = 0;
			defaultConfigurationName = Release;
		};
		C78E238C1A2D5869004E6E04 /* Build configuration list for PBXNativeTarget "99fundTests" */ = {
			isa = XCConfigurationList;
			buildConfigurations = (
				C78E238D1A2D5869004E6E04 /* Debug */,
				C78E238E1A2D5869004E6E04 /* Release */,
			);
			defaultConfigurationIsVisible = 0;
			defaultConfigurationName = Release;
		};
/* End XCConfigurationList section */
	};
	rootObject = C78E235E1A2D5869004E6E04 /* Project object */;
}
